// !$*UTF8*$!
{
	archiveVersion = 1;
	classes = {
	};
	objectVersion = 50;
	objects = {

/* Begin PBXBuildFile section */
		E24396842462FEC6004B3F2F /* Things+CoreDataClass.swift in Sources */ = {isa = PBXBuildFile; fileRef = E24396802462FEC6004B3F2F /* Things+CoreDataClass.swift */; };
		E24396852462FEC6004B3F2F /* Things+CoreDataProperties.swift in Sources */ = {isa = PBXBuildFile; fileRef = E24396812462FEC6004B3F2F /* Things+CoreDataProperties.swift */; };
		E24396862462FEC6004B3F2F /* ThingsList+CoreDataClass.swift in Sources */ = {isa = PBXBuildFile; fileRef = E24396822462FEC6004B3F2F /* ThingsList+CoreDataClass.swift */; };
		E24396872462FEC6004B3F2F /* ThingsList+CoreDataProperties.swift in Sources */ = {isa = PBXBuildFile; fileRef = E24396832462FEC6004B3F2F /* ThingsList+CoreDataProperties.swift */; };
		E2AF00CD2462E60700AD3F79 /* AppDelegate.swift in Sources */ = {isa = PBXBuildFile; fileRef = E2AF00CC2462E60700AD3F79 /* AppDelegate.swift */; };
		E2AF00CF2462E60700AD3F79 /* SceneDelegate.swift in Sources */ = {isa = PBXBuildFile; fileRef = E2AF00CE2462E60700AD3F79 /* SceneDelegate.swift */; };
		E2AF00D12462E60700AD3F79 /* ContentView.swift in Sources */ = {isa = PBXBuildFile; fileRef = E2AF00D02462E60700AD3F79 /* ContentView.swift */; };
		E2AF00D32462E60B00AD3F79 /* Assets.xcassets in Resources */ = {isa = PBXBuildFile; fileRef = E2AF00D22462E60B00AD3F79 /* Assets.xcassets */; };
		E2AF00D62462E60B00AD3F79 /* Preview Assets.xcassets in Resources */ = {isa = PBXBuildFile; fileRef = E2AF00D52462E60B00AD3F79 /* Preview Assets.xcassets */; };
		E2AF00D92462E60B00AD3F79 /* LaunchScreen.storyboard in Resources */ = {isa = PBXBuildFile; fileRef = E2AF00D72462E60B00AD3F79 /* LaunchScreen.storyboard */; };
		E2AF00E42462E60B00AD3F79 /* FavouriteThingsTests.swift in Sources */ = {isa = PBXBuildFile; fileRef = E2AF00E32462E60B00AD3F79 /* FavouriteThingsTests.swift */; };
		E2AF00EF2462E60C00AD3F79 /* FavouriteThingsUITests.swift in Sources */ = {isa = PBXBuildFile; fileRef = E2AF00EE2462E60C00AD3F79 /* FavouriteThingsUITests.swift */; };
		E2AF00FE2462E6DD00AD3F79 /* FavouriteThings.xcdatamodeld in Sources */ = {isa = PBXBuildFile; fileRef = E2AF00FC2462E6DD00AD3F79 /* FavouriteThings.xcdatamodeld */; };
/* End PBXBuildFile section */

/* Begin PBXContainerItemProxy section */
		E2AF00E02462E60B00AD3F79 /* PBXContainerItemProxy */ = {
			isa = PBXContainerItemProxy;
			containerPortal = E2AF00C12462E60700AD3F79 /* Project object */;
			proxyType = 1;
			remoteGlobalIDString = E2AF00C82462E60700AD3F79;
			remoteInfo = FavouriteThings;
		};
		E2AF00EB2462E60C00AD3F79 /* PBXContainerItemProxy */ = {
			isa = PBXContainerItemProxy;
			containerPortal = E2AF00C12462E60700AD3F79 /* Project object */;
			proxyType = 1;
			remoteGlobalIDString = E2AF00C82462E60700AD3F79;
			remoteInfo = FavouriteThings;
		};
/* End PBXContainerItemProxy section */

/* Begin PBXFileReference section */
		E24396802462FEC6004B3F2F /* Things+CoreDataClass.swift */ = {isa = PBXFileReference; lastKnownFileType = sourcecode.swift; path = "Things+CoreDataClass.swift"; sourceTree = "<group>"; };
		E24396812462FEC6004B3F2F /* Things+CoreDataProperties.swift */ = {isa = PBXFileReference; lastKnownFileType = sourcecode.swift; path = "Things+CoreDataProperties.swift"; sourceTree = "<group>"; };
		E24396822462FEC6004B3F2F /* ThingsList+CoreDataClass.swift */ = {isa = PBXFileReference; lastKnownFileType = sourcecode.swift; path = "ThingsList+CoreDataClass.swift"; sourceTree = "<group>"; };
		E24396832462FEC6004B3F2F /* ThingsList+CoreDataProperties.swift */ = {isa = PBXFileReference; lastKnownFileType = sourcecode.swift; path = "ThingsList+CoreDataProperties.swift"; sourceTree = "<group>"; };
		E2AF00C92462E60700AD3F79 /* FavouriteThings.app */ = {isa = PBXFileReference; explicitFileType = wrapper.application; includeInIndex = 0; path = FavouriteThings.app; sourceTree = BUILT_PRODUCTS_DIR; };
		E2AF00CC2462E60700AD3F79 /* AppDelegate.swift */ = {isa = PBXFileReference; lastKnownFileType = sourcecode.swift; path = AppDelegate.swift; sourceTree = "<group>"; };
		E2AF00CE2462E60700AD3F79 /* SceneDelegate.swift */ = {isa = PBXFileReference; lastKnownFileType = sourcecode.swift; path = SceneDelegate.swift; sourceTree = "<group>"; };
		E2AF00D02462E60700AD3F79 /* ContentView.swift */ = {isa = PBXFileReference; lastKnownFileType = sourcecode.swift; path = ContentView.swift; sourceTree = "<group>"; };
		E2AF00D22462E60B00AD3F79 /* Assets.xcassets */ = {isa = PBXFileReference; lastKnownFileType = folder.assetcatalog; path = Assets.xcassets; sourceTree = "<group>"; };
		E2AF00D52462E60B00AD3F79 /* Preview Assets.xcassets */ = {isa = PBXFileReference; lastKnownFileType = folder.assetcatalog; path = "Preview Assets.xcassets"; sourceTree = "<group>"; };
		E2AF00D82462E60B00AD3F79 /* Base */ = {isa = PBXFileReference; lastKnownFileType = file.storyboard; name = Base; path = Base.lproj/LaunchScreen.storyboard; sourceTree = "<group>"; };
		E2AF00DA2462E60B00AD3F79 /* Info.plist */ = {isa = PBXFileReference; lastKnownFileType = text.plist.xml; path = Info.plist; sourceTree = "<group>"; };
		E2AF00DF2462E60B00AD3F79 /* FavouriteThingsTests.xctest */ = {isa = PBXFileReference; explicitFileType = wrapper.cfbundle; includeInIndex = 0; path = FavouriteThingsTests.xctest; sourceTree = BUILT_PRODUCTS_DIR; };
		E2AF00E32462E60B00AD3F79 /* FavouriteThingsTests.swift */ = {isa = PBXFileReference; lastKnownFileType = sourcecode.swift; path = FavouriteThingsTests.swift; sourceTree = "<group>"; };
		E2AF00E52462E60B00AD3F79 /* Info.plist */ = {isa = PBXFileReference; lastKnownFileType = text.plist.xml; path = Info.plist; sourceTree = "<group>"; };
		E2AF00EA2462E60C00AD3F79 /* FavouriteThingsUITests.xctest */ = {isa = PBXFileReference; explicitFileType = wrapper.cfbundle; includeInIndex = 0; path = FavouriteThingsUITests.xctest; sourceTree = BUILT_PRODUCTS_DIR; };
		E2AF00EE2462E60C00AD3F79 /* FavouriteThingsUITests.swift */ = {isa = PBXFileReference; lastKnownFileType = sourcecode.swift; path = FavouriteThingsUITests.swift; sourceTree = "<group>"; };
		E2AF00F02462E60C00AD3F79 /* Info.plist */ = {isa = PBXFileReference; lastKnownFileType = text.plist.xml; path = Info.plist; sourceTree = "<group>"; };
		E2AF00FD2462E6DD00AD3F79 /* FavouriteThings.xcdatamodel */ = {isa = PBXFileReference; lastKnownFileType = wrapper.xcdatamodel; path = FavouriteThings.xcdatamodel; sourceTree = "<group>"; };
/* End PBXFileReference section */

/* Begin PBXFrameworksBuildPhase section */
		E2AF00C62462E60700AD3F79 /* Frameworks */ = {
			isa = PBXFrameworksBuildPhase;
			buildActionMask = 2147483647;
			files = (
			);
			runOnlyForDeploymentPostprocessing = 0;
		};
		E2AF00DC2462E60B00AD3F79 /* Frameworks */ = {
			isa = PBXFrameworksBuildPhase;
			buildActionMask = 2147483647;
			files = (
			);
			runOnlyForDeploymentPostprocessing = 0;
		};
		E2AF00E72462E60C00AD3F79 /* Frameworks */ = {
			isa = PBXFrameworksBuildPhase;
			buildActionMask = 2147483647;
			files = (
			);
			runOnlyForDeploymentPostprocessing = 0;
		};
/* End PBXFrameworksBuildPhase section */

/* Begin PBXGroup section */
		E2AF00C02462E60700AD3F79 = {
			isa = PBXGroup;
			children = (
				E24396802462FEC6004B3F2F /* Things+CoreDataClass.swift */,
				E24396812462FEC6004B3F2F /* Things+CoreDataProperties.swift */,
				E24396822462FEC6004B3F2F /* ThingsList+CoreDataClass.swift */,
				E24396832462FEC6004B3F2F /* ThingsList+CoreDataProperties.swift */,
				E2AF00CB2462E60700AD3F79 /* FavouriteThings */,
				E2AF00E22462E60B00AD3F79 /* FavouriteThingsTests */,
				E2AF00ED2462E60C00AD3F79 /* FavouriteThingsUITests */,
				E2AF00CA2462E60700AD3F79 /* Products */,
			);
			sourceTree = "<group>";
		};
		E2AF00CA2462E60700AD3F79 /* Products */ = {
			isa = PBXGroup;
			children = (
				E2AF00C92462E60700AD3F79 /* FavouriteThings.app */,
				E2AF00DF2462E60B00AD3F79 /* FavouriteThingsTests.xctest */,
				E2AF00EA2462E60C00AD3F79 /* FavouriteThingsUITests.xctest */,
			);
			name = Products;
			sourceTree = "<group>";
		};
		E2AF00CB2462E60700AD3F79 /* FavouriteThings */ = {
			isa = PBXGroup;
			children = (
				E2AF00CC2462E60700AD3F79 /* AppDelegate.swift */,
				E2AF00CE2462E60700AD3F79 /* SceneDelegate.swift */,
				E2AF00D02462E60700AD3F79 /* ContentView.swift */,
				E2AF00FC2462E6DD00AD3F79 /* FavouriteThings.xcdatamodeld */,
				E2AF00D22462E60B00AD3F79 /* Assets.xcassets */,
				E2AF00D72462E60B00AD3F79 /* LaunchScreen.storyboard */,
				E2AF00DA2462E60B00AD3F79 /* Info.plist */,
				E2AF00D42462E60B00AD3F79 /* Preview Content */,
			);
			path = FavouriteThings;
			sourceTree = "<group>";
		};
		E2AF00D42462E60B00AD3F79 /* Preview Content */ = {
			isa = PBXGroup;
			children = (
				E2AF00D52462E60B00AD3F79 /* Preview Assets.xcassets */,
			);
			path = "Preview Content";
			sourceTree = "<group>";
		};
		E2AF00E22462E60B00AD3F79 /* FavouriteThingsTests */ = {
			isa = PBXGroup;
			children = (
				E2AF00E32462E60B00AD3F79 /* FavouriteThingsTests.swift */,
				E2AF00E52462E60B00AD3F79 /* Info.plist */,
			);
			path = FavouriteThingsTests;
			sourceTree = "<group>";
		};
		E2AF00ED2462E60C00AD3F79 /* FavouriteThingsUITests */ = {
			isa = PBXGroup;
			children = (
				E2AF00EE2462E60C00AD3F79 /* FavouriteThingsUITests.swift */,
				E2AF00F02462E60C00AD3F79 /* Info.plist */,
			);
			path = FavouriteThingsUITests;
			sourceTree = "<group>";
		};
/* End PBXGroup section */

/* Begin PBXNativeTarget section */
		E2AF00C82462E60700AD3F79 /* FavouriteThings */ = {
			isa = PBXNativeTarget;
			buildConfigurationList = E2AF00F32462E60C00AD3F79 /* Build configuration list for PBXNativeTarget "FavouriteThings" */;
			buildPhases = (
				E2AF00C52462E60700AD3F79 /* Sources */,
				E2AF00C62462E60700AD3F79 /* Frameworks */,
				E2AF00C72462E60700AD3F79 /* Resources */,
			);
			buildRules = (
			);
			dependencies = (
			);
			name = FavouriteThings;
			productName = FavouriteThings;
			productReference = E2AF00C92462E60700AD3F79 /* FavouriteThings.app */;
			productType = "com.apple.product-type.application";
		};
		E2AF00DE2462E60B00AD3F79 /* FavouriteThingsTests */ = {
			isa = PBXNativeTarget;
			buildConfigurationList = E2AF00F62462E60C00AD3F79 /* Build configuration list for PBXNativeTarget "FavouriteThingsTests" */;
			buildPhases = (
				E2AF00DB2462E60B00AD3F79 /* Sources */,
				E2AF00DC2462E60B00AD3F79 /* Frameworks */,
				E2AF00DD2462E60B00AD3F79 /* Resources */,
			);
			buildRules = (
			);
			dependencies = (
				E2AF00E12462E60B00AD3F79 /* PBXTargetDependency */,
			);
			name = FavouriteThingsTests;
			productName = FavouriteThingsTests;
			productReference = E2AF00DF2462E60B00AD3F79 /* FavouriteThingsTests.xctest */;
			productType = "com.apple.product-type.bundle.unit-test";
		};
		E2AF00E92462E60C00AD3F79 /* FavouriteThingsUITests */ = {
			isa = PBXNativeTarget;
			buildConfigurationList = E2AF00F92462E60C00AD3F79 /* Build configuration list for PBXNativeTarget "FavouriteThingsUITests" */;
			buildPhases = (
				E2AF00E62462E60C00AD3F79 /* Sources */,
				E2AF00E72462E60C00AD3F79 /* Frameworks */,
				E2AF00E82462E60C00AD3F79 /* Resources */,
			);
			buildRules = (
			);
			dependencies = (
				E2AF00EC2462E60C00AD3F79 /* PBXTargetDependency */,
			);
			name = FavouriteThingsUITests;
			productName = FavouriteThingsUITests;
			productReference = E2AF00EA2462E60C00AD3F79 /* FavouriteThingsUITests.xctest */;
			productType = "com.apple.product-type.bundle.ui-testing";
		};
/* End PBXNativeTarget section */

/* Begin PBXProject section */
		E2AF00C12462E60700AD3F79 /* Project object */ = {
			isa = PBXProject;
			attributes = {
				LastSwiftUpdateCheck = 1130;
				LastUpgradeCheck = 1130;
				ORGANIZATIONNAME = "Sadeed Ahmad";
				TargetAttributes = {
					E2AF00C82462E60700AD3F79 = {
						CreatedOnToolsVersion = 11.3;
					};
					E2AF00DE2462E60B00AD3F79 = {
						CreatedOnToolsVersion = 11.3;
						TestTargetID = E2AF00C82462E60700AD3F79;
					};
					E2AF00E92462E60C00AD3F79 = {
						CreatedOnToolsVersion = 11.3;
						TestTargetID = E2AF00C82462E60700AD3F79;
					};
				};
			};
			buildConfigurationList = E2AF00C42462E60700AD3F79 /* Build configuration list for PBXProject "FavouriteThings" */;
			compatibilityVersion = "Xcode 9.3";
			developmentRegion = en;
			hasScannedForEncodings = 0;
			knownRegions = (
				en,
				Base,
			);
			mainGroup = E2AF00C02462E60700AD3F79;
			productRefGroup = E2AF00CA2462E60700AD3F79 /* Products */;
			projectDirPath = "";
			projectRoot = "";
			targets = (
				E2AF00C82462E60700AD3F79 /* FavouriteThings */,
				E2AF00DE2462E60B00AD3F79 /* FavouriteThingsTests */,
				E2AF00E92462E60C00AD3F79 /* FavouriteThingsUITests */,
			);
		};
/* End PBXProject section */

/* Begin PBXResourcesBuildPhase section */
		E2AF00C72462E60700AD3F79 /* Resources */ = {
			isa = PBXResourcesBuildPhase;
			buildActionMask = 2147483647;
			files = (
				E2AF00D92462E60B00AD3F79 /* LaunchScreen.storyboard in Resources */,
				E2AF00D62462E60B00AD3F79 /* Preview Assets.xcassets in Resources */,
				E2AF00D32462E60B00AD3F79 /* Assets.xcassets in Resources */,
			);
			runOnlyForDeploymentPostprocessing = 0;
		};
		E2AF00DD2462E60B00AD3F79 /* Resources */ = {
			isa = PBXResourcesBuildPhase;
			buildActionMask = 2147483647;
			files = (
			);
			runOnlyForDeploymentPostprocessing = 0;
		};
		E2AF00E82462E60C00AD3F79 /* Resources */ = {
			isa = PBXResourcesBuildPhase;
			buildActionMask = 2147483647;
			files = (
			);
			runOnlyForDeploymentPostprocessing = 0;
		};
/* End PBXResourcesBuildPhase section */

/* Begin PBXSourcesBuildPhase section */
		E2AF00C52462E60700AD3F79 /* Sources */ = {
			isa = PBXSourcesBuildPhase;
			buildActionMask = 2147483647;
			files = (
				E24396862462FEC6004B3F2F /* ThingsList+CoreDataClass.swift in Sources */,
				E2AF00CD2462E60700AD3F79 /* AppDelegate.swift in Sources */,
				E24396872462FEC6004B3F2F /* ThingsList+CoreDataProperties.swift in Sources */,
				E2AF00CF2462E60700AD3F79 /* SceneDelegate.swift in Sources */,
				E24396852462FEC6004B3F2F /* Things+CoreDataProperties.swift in Sources */,
				E2AF00FE2462E6DD00AD3F79 /* FavouriteThings.xcdatamodeld in Sources */,
				E2AF00D12462E60700AD3F79 /* ContentView.swift in Sources */,
				E24396842462FEC6004B3F2F /* Things+CoreDataClass.swift in Sources */,
			);
			runOnlyForDeploymentPostprocessing = 0;
		};
		E2AF00DB2462E60B00AD3F79 /* Sources */ = {
			isa = PBXSourcesBuildPhase;
			buildActionMask = 2147483647;
			files = (
				E2AF00E42462E60B00AD3F79 /* FavouriteThingsTests.swift in Sources */,
			);
			runOnlyForDeploymentPostprocessing = 0;
		};
		E2AF00E62462E60C00AD3F79 /* Sources */ = {
			isa = PBXSourcesBuildPhase;
			buildActionMask = 2147483647;
			files = (
				E2AF00EF2462E60C00AD3F79 /* FavouriteThingsUITests.swift in Sources */,
			);
			runOnlyForDeploymentPostprocessing = 0;
		};
/* End PBXSourcesBuildPhase section */

/* Begin PBXTargetDependency section */
		E2AF00E12462E60B00AD3F79 /* PBXTargetDependency */ = {
			isa = PBXTargetDependency;
			target = E2AF00C82462E60700AD3F79 /* FavouriteThings */;
			targetProxy = E2AF00E02462E60B00AD3F79 /* PBXContainerItemProxy */;
		};
		E2AF00EC2462E60C00AD3F79 /* PBXTargetDependency */ = {
			isa = PBXTargetDependency;
			target = E2AF00C82462E60700AD3F79 /* FavouriteThings */;
			targetProxy = E2AF00EB2462E60C00AD3F79 /* PBXContainerItemProxy */;
		};
/* End PBXTargetDependency section */

/* Begin PBXVariantGroup section */
		E2AF00D72462E60B00AD3F79 /* LaunchScreen.storyboard */ = {
			isa = PBXVariantGroup;
			children = (
				E2AF00D82462E60B00AD3F79 /* Base */,
			);
			name = LaunchScreen.storyboard;
			sourceTree = "<group>";
		};
/* End PBXVariantGroup section */

/* Begin XCBuildConfiguration section */
		E2AF00F12462E60C00AD3F79 /* Debug */ = {
			isa = XCBuildConfiguration;
			buildSettings = {
				ALWAYS_SEARCH_USER_PATHS = NO;
				CLANG_ANALYZER_NONNULL = YES;
				CLANG_ANALYZER_NUMBER_OBJECT_CONVERSION = YES_AGGRESSIVE;
				CLANG_CXX_LANGUAGE_STANDARD = "gnu++14";
				CLANG_CXX_LIBRARY = "libc++";
				CLANG_ENABLE_MODULES = YES;
				CLANG_ENABLE_OBJC_ARC = YES;
				CLANG_ENABLE_OBJC_WEAK = YES;
				CLANG_WARN_BLOCK_CAPTURE_AUTORELEASING = YES;
				CLANG_WARN_BOOL_CONVERSION = YES;
				CLANG_WARN_COMMA = YES;
				CLANG_WARN_CONSTANT_CONVERSION = YES;
				CLANG_WARN_DEPRECATED_OBJC_IMPLEMENTATIONS = YES;
				CLANG_WARN_DIRECT_OBJC_ISA_USAGE = YES_ERROR;
				CLANG_WARN_DOCUMENTATION_COMMENTS = YES;
				CLANG_WARN_EMPTY_BODY = YES;
				CLANG_WARN_ENUM_CONVERSION = YES;
				CLANG_WARN_INFINITE_RECURSION = YES;
				CLANG_WARN_INT_CONVERSION = YES;
				CLANG_WARN_NON_LITERAL_NULL_CONVERSION = YES;
				CLANG_WARN_OBJC_IMPLICIT_RETAIN_SELF = YES;
				CLANG_WARN_OBJC_LITERAL_CONVERSION = YES;
				CLANG_WARN_OBJC_ROOT_CLASS = YES_ERROR;
				CLANG_WARN_RANGE_LOOP_ANALYSIS = YES;
				CLANG_WARN_STRICT_PROTOTYPES = YES;
				CLANG_WARN_SUSPICIOUS_MOVE = YES;
				CLANG_WARN_UNGUARDED_AVAILABILITY = YES_AGGRESSIVE;
				CLANG_WARN_UNREACHABLE_CODE = YES;
				CLANG_WARN__DUPLICATE_METHOD_MATCH = YES;
				COPY_PHASE_STRIP = NO;
				DEBUG_INFORMATION_FORMAT = dwarf;
				ENABLE_STRICT_OBJC_MSGSEND = YES;
				ENABLE_TESTABILITY = YES;
				GCC_C_LANGUAGE_STANDARD = gnu11;
				GCC_DYNAMIC_NO_PIC = NO;
				GCC_NO_COMMON_BLOCKS = YES;
				GCC_OPTIMIZATION_LEVEL = 0;
				GCC_PREPROCESSOR_DEFINITIONS = (
					"DEBUG=1",
					"$(inherited)",
				);
				GCC_WARN_64_TO_32_BIT_CONVERSION = YES;
				GCC_WARN_ABOUT_RETURN_TYPE = YES_ERROR;
				GCC_WARN_UNDECLARED_SELECTOR = YES;
				GCC_WARN_UNINITIALIZED_AUTOS = YES_AGGRESSIVE;
				GCC_WARN_UNUSED_FUNCTION = YES;
				GCC_WARN_UNUSED_VARIABLE = YES;
				IPHONEOS_DEPLOYMENT_TARGET = 13.2;
				MTL_ENABLE_DEBUG_INFO = INCLUDE_SOURCE;
				MTL_FAST_MATH = YES;
				ONLY_ACTIVE_ARCH = YES;
				SDKROOT = iphoneos;
				SWIFT_ACTIVE_COMPILATION_CONDITIONS = DEBUG;
				SWIFT_OPTIMIZATION_LEVEL = "-Onone";
			};
			name = Debug;
		};
		E2AF00F22462E60C00AD3F79 /* Release */ = {
			isa = XCBuildConfiguration;
			buildSettings = {
				ALWAYS_SEARCH_USER_PATHS = NO;
				CLANG_ANALYZER_NONNULL = YES;
				CLANG_ANALYZER_NUMBER_OBJECT_CONVERSION = YES_AGGRESSIVE;
				CLANG_CXX_LANGUAGE_STANDARD = "gnu++14";
				CLANG_CXX_LIBRARY = "libc++";
				CLANG_ENABLE_MODULES = YES;
				CLANG_ENABLE_OBJC_ARC = YES;
				CLANG_ENABLE_OBJC_WEAK = YES;
				CLANG_WARN_BLOCK_CAPTURE_AUTORELEASING = YES;
				CLANG_WARN_BOOL_CONVERSION = YES;
				CLANG_WARN_COMMA = YES;
				CLANG_WARN_CONSTANT_CONVERSION = YES;
				CLANG_WARN_DEPRECATED_OBJC_IMPLEMENTATIONS = YES;
				CLANG_WARN_DIRECT_OBJC_ISA_USAGE = YES_ERROR;
				CLANG_WARN_DOCUMENTATION_COMMENTS = YES;
				CLANG_WARN_EMPTY_BODY = YES;
				CLANG_WARN_ENUM_CONVERSION = YES;
				CLANG_WARN_INFINITE_RECURSION = YES;
				CLANG_WARN_INT_CONVERSION = YES;
				CLANG_WARN_NON_LITERAL_NULL_CONVERSION = YES;
				CLANG_WARN_OBJC_IMPLICIT_RETAIN_SELF = YES;
				CLANG_WARN_OBJC_LITERAL_CONVERSION = YES;
				CLANG_WARN_OBJC_ROOT_CLASS = YES_ERROR;
				CLANG_WARN_RANGE_LOOP_ANALYSIS = YES;
				CLANG_WARN_STRICT_PROTOTYPES = YES;
				CLANG_WARN_SUSPICIOUS_MOVE = YES;
				CLANG_WARN_UNGUARDED_AVAILABILITY = YES_AGGRESSIVE;
				CLANG_WARN_UNREACHABLE_CODE = YES;
				CLANG_WARN__DUPLICATE_METHOD_MATCH = YES;
				COPY_PHASE_STRIP = NO;
				DEBUG_INFORMATION_FORMAT = "dwarf-with-dsym";
				ENABLE_NS_ASSERTIONS = NO;
				ENABLE_STRICT_OBJC_MSGSEND = YES;
				GCC_C_LANGUAGE_STANDARD = gnu11;
				GCC_NO_COMMON_BLOCKS = YES;
				GCC_WARN_64_TO_32_BIT_CONVERSION = YES;
				GCC_WARN_ABOUT_RETURN_TYPE = YES_ERROR;
				GCC_WARN_UNDECLARED_SELECTOR = YES;
				GCC_WARN_UNINITIALIZED_AUTOS = YES_AGGRESSIVE;
				GCC_WARN_UNUSED_FUNCTION = YES;
				GCC_WARN_UNUSED_VARIABLE = YES;
				IPHONEOS_DEPLOYMENT_TARGET = 13.2;
				MTL_ENABLE_DEBUG_INFO = NO;
				MTL_FAST_MATH = YES;
				SDKROOT = iphoneos;
				SWIFT_COMPILATION_MODE = wholemodule;
				SWIFT_OPTIMIZATION_LEVEL = "-O";
				VALIDATE_PRODUCT = YES;
			};
			name = Release;
		};
		E2AF00F42462E60C00AD3F79 /* Debug */ = {
			isa = XCBuildConfiguration;
			buildSettings = {
				ASSETCATALOG_COMPILER_APPICON_NAME = AppIcon;
				CODE_SIGN_STYLE = Automatic;
				DEVELOPMENT_ASSET_PATHS = "\"FavouriteThings/Preview Content\"";
				ENABLE_PREVIEWS = YES;
				INFOPLIST_FILE = FavouriteThings/Info.plist;
				LD_RUNPATH_SEARCH_PATHS = (
					"$(inherited)",
					"@executable_path/Frameworks",
				);
				PRODUCT_BUNDLE_IDENTIFIER = com.sadeedahmad.FavouriteThings;
				PRODUCT_NAME = "$(TARGET_NAME)";
				SWIFT_VERSION = 5.0;
				TARGETED_DEVICE_FAMILY = "1,2";
			};
			name = Debug;
		};
		E2AF00F52462E60C00AD3F79 /* Release */ = {
			isa = XCBuildConfiguration;
			buildSettings = {
				ASSETCATALOG_COMPILER_APPICON_NAME = AppIcon;
				CODE_SIGN_STYLE = Automatic;
				DEVELOPMENT_ASSET_PATHS = "\"FavouriteThings/Preview Content\"";
				ENABLE_PREVIEWS = YES;
				INFOPLIST_FILE = FavouriteThings/Info.plist;
				LD_RUNPATH_SEARCH_PATHS = (
					"$(inherited)",
					"@executable_path/Frameworks",
				);
				PRODUCT_BUNDLE_IDENTIFIER = com.sadeedahmad.FavouriteThings;
				PRODUCT_NAME = "$(TARGET_NAME)";
				SWIFT_VERSION = 5.0;
				TARGETED_DEVICE_FAMILY = "1,2";
			};
			name = Release;
		};
		E2AF00F72462E60C00AD3F79 /* Debug */ = {
			isa = XCBuildConfiguration;
			buildSettings = {
				ALWAYS_EMBED_SWIFT_STANDARD_LIBRARIES = YES;
				BUNDLE_LOADER = "$(TEST_HOST)";
				CODE_SIGN_STYLE = Automatic;
				INFOPLIST_FILE = FavouriteThingsTests/Info.plist;
				IPHONEOS_DEPLOYMENT_TARGET = 13.2;
				LD_RUNPATH_SEARCH_PATHS = (
					"$(inherited)",
					"@executable_path/Frameworks",
					"@loader_path/Frameworks",
				);
				PRODUCT_BUNDLE_IDENTIFIER = com.sadeedahmad.FavouriteThingsTests;
				PRODUCT_NAME = "$(TARGET_NAME)";
				SWIFT_VERSION = 5.0;
				TARGETED_DEVICE_FAMILY = "1,2";
				TEST_HOST = "$(BUILT_PRODUCTS_DIR)/FavouriteThings.app/FavouriteThings";
			};
			name = Debug;
		};
		E2AF00F82462E60C00AD3F79 /* Release */ = {
			isa = XCBuildConfiguration;
			buildSettings = {
				ALWAYS_EMBED_SWIFT_STANDARD_LIBRARIES = YES;
				BUNDLE_LOADER = "$(TEST_HOST)";
				CODE_SIGN_STYLE = Automatic;
				INFOPLIST_FILE = FavouriteThingsTests/Info.plist;
				IPHONEOS_DEPLOYMENT_TARGET = 13.2;
				LD_RUNPATH_SEARCH_PATHS = (
					"$(inherited)",
					"@executable_path/Frameworks",
					"@loader_path/Frameworks",
				);
				PRODUCT_BUNDLE_IDENTIFIER = com.sadeedahmad.FavouriteThingsTests;
				PRODUCT_NAME = "$(TARGET_NAME)";
				SWIFT_VERSION = 5.0;
				TARGETED_DEVICE_FAMILY = "1,2";
				TEST_HOST = "$(BUILT_PRODUCTS_DIR)/FavouriteThings.app/FavouriteThings";
			};
			name = Release;
		};
		E2AF00FA2462E60C00AD3F79 /* Debug */ = {
			isa = XCBuildConfiguration;
			buildSettings = {
				ALWAYS_EMBED_SWIFT_STANDARD_LIBRARIES = YES;
				CODE_SIGN_STYLE = Automatic;
				INFOPLIST_FILE = FavouriteThingsUITests/Info.plist;
				LD_RUNPATH_SEARCH_PATHS = (
					"$(inherited)",
					"@executable_path/Frameworks",
					"@loader_path/Frameworks",
				);
				PRODUCT_BUNDLE_IDENTIFIER = com.sadeedahmad.FavouriteThingsUITests;
				PRODUCT_NAME = "$(TARGET_NAME)";
				SWIFT_VERSION = 5.0;
				TARGETED_DEVICE_FAMILY = "1,2";
				TEST_TARGET_NAME = FavouriteThings;
			};
			name = Debug;
		};
		E2AF00FB2462E60C00AD3F79 /* Release */ = {
			isa = XCBuildConfiguration;
			buildSettings = {
				ALWAYS_EMBED_SWIFT_STANDARD_LIBRARIES = YES;
				CODE_SIGN_STYLE = Automatic;
				INFOPLIST_FILE = FavouriteThingsUITests/Info.plist;
				LD_RUNPATH_SEARCH_PATHS = (
					"$(inherited)",
					"@executable_path/Frameworks",
					"@loader_path/Frameworks",
				);
				PRODUCT_BUNDLE_IDENTIFIER = com.sadeedahmad.FavouriteThingsUITests;
				PRODUCT_NAME = "$(TARGET_NAME)";
				SWIFT_VERSION = 5.0;
				TARGETED_DEVICE_FAMILY = "1,2";
				TEST_TARGET_NAME = FavouriteThings;
			};
			name = Release;
		};
/* End XCBuildConfiguration section */

/* Begin XCConfigurationList section */
		E2AF00C42462E60700AD3F79 /* Build configuration list for PBXProject "FavouriteThings" */ = {
			isa = XCConfigurationList;
			buildConfigurations = (
				E2AF00F12462E60C00AD3F79 /* Debug */,
				E2AF00F22462E60C00AD3F79 /* Release */,
			);
			defaultConfigurationIsVisible = 0;
			defaultConfigurationName = Release;
		};
		E2AF00F32462E60C00AD3F79 /* Build configuration list for PBXNativeTarget "FavouriteThings" */ = {
			isa = XCConfigurationList;
			buildConfigurations = (
				E2AF00F42462E60C00AD3F79 /* Debug */,
				E2AF00F52462E60C00AD3F79 /* Release */,
			);
			defaultConfigurationIsVisible = 0;
			defaultConfigurationName = Release;
		};
		E2AF00F62462E60C00AD3F79 /* Build configuration list for PBXNativeTarget "FavouriteThingsTests" */ = {
			isa = XCConfigurationList;
			buildConfigurations = (
				E2AF00F72462E60C00AD3F79 /* Debug */,
				E2AF00F82462E60C00AD3F79 /* Release */,
			);
			defaultConfigurationIsVisible = 0;
			defaultConfigurationName = Release;
		};
		E2AF00F92462E60C00AD3F79 /* Build configuration list for PBXNativeTarget "FavouriteThingsUITests" */ = {
			isa = XCConfigurationList;
			buildConfigurations = (
				E2AF00FA2462E60C00AD3F79 /* Debug */,
				E2AF00FB2462E60C00AD3F79 /* Release */,
			);
			defaultConfigurationIsVisible = 0;
			defaultConfigurationName = Release;
		};
/* End XCConfigurationList section */

/* Begin XCVersionGroup section */
		E2AF00FC2462E6DD00AD3F79 /* FavouriteThings.xcdatamodeld */ = {
			isa = XCVersionGroup;
			children = (
				E2AF00FD2462E6DD00AD3F79 /* FavouriteThings.xcdatamodel */,
			);
			currentVersion = E2AF00FD2462E6DD00AD3F79 /* FavouriteThings.xcdatamodel */;
			path = FavouriteThings.xcdatamodeld;
			sourceTree = "<group>";
			versionGroupType = wrapper.xcdatamodel;
		};
/* End XCVersionGroup section */
	};
	rootObject = E2AF00C12462E60700AD3F79 /* Project object */;
}
